github.com/google/go-cmp v0.5.1 h1:JFrFEBb2xKufg6XkJsJr+WbKb4FQlURi5RUcBveYu9k=
github.com/google/go-cmp v0.5.1/go.mod h1:v8dTdLbMG2kIc/vJvl+f65V22dbkXbowE6jgT/gNBxE=
github.com/reusee/e5 v0.0.0-20230610121337-9deb1a7b70ae h1:Dg66pJE6N8B9UMIupCvx6/6z5hTXVPBLyhu9zZPJY8M=
github.com/reusee/e5 v0.0.0-20230610121337-9deb1a7b70ae/go.mod h1:kfVSDXYZocDqR1uRQfewKHmcLa/QtjGl/Ik0/vqhZ4s=
github.com/reusee/pr3 v0.0.0-20231127032832-3c95a4cfbb0c h1:0ckEPHMs6cPFlHrXgyqkuiXoydvUO7+xaqsKEMkWvag=
github.com/reusee/pr3 v0.0.0-20231127032832-3c95a4cfbb0c/go.mod h1:FzIWTRz/wuKHZq2EpNpmlZdFGLUa1e3w7uJ05m7sh+w=
github.com/reusee/sb v0.0.0-20231127033804-5d14923ea377 h1:3Lw0W3mSfgArDUgkpKqe/do4L3YVugJFA7/08CbpcDg=
github.com/reusee/sb v0.0.0-20231127033804-5d14923ea377/go.mod h1:G/zLkXZiioAysPC6tyqpz0DvQJ7UnM05AAQVI8ZNDiI=
go.starlark.net v0.0.0-20231121155337-90ade8b19d09 h1:hzy3LFnSN8kuQK8h9tHl4ndF6UruMj47OqwqsS+/Ai4=
go.starlark.net v0.0.0-20231121155337-90ade8b19d09/go.mod h1:LcLNIzVOMp4oV+uusnpk+VU+SzXaJakUuBjoCSWH5dM=
golang.org/x/sys v0.14.0 h1:Vz7Qs629MkJkGyHxUlRHizWJRG2j8fbQKjELVSNhy7Q=
golang.org/x/sys v0.14.0/go.mod h1:/VUhepiaJMQUp4+oa/7Zr1D23ma6VTLIYjOOTFZPUcA=
google.golang.org/protobuf v1.25.0 h1:Ejskq+SyPohKW+1uil0JJMtmHCgJPJ/qWTxr8qp+R4c=
google.golang.org/protobuf v1.25.0/go.mod h1:9JNX74DMeImyA3h4bdi1ymwjUzf21/xIlbajtzgsN7c=
