github.com/chzyer/logex v1.1.10/go.mod h1:+Ywpsq7O8HXn0nuIou7OrIPyXbp3wmkHB+jjWRnGsAI=
github.com/chzyer/readline v0.0.0-20180603132655-2972be24d48e/go.mod h1:nSuG5e5PlCu98SY8svDHJxuZscDgtXS6KTTbou5AhLI=
github.com/chzyer/test v0.0.0-20180213035817-a1ea475d72b1/go.mod h1:Q3SI9o4m/ZMnBNeIyt5eFwwo7qiLfzFZmjNmxjkiQlU=
github.com/reusee/e3 v0.0.0-20201012164647-ad789318cd64 h1:RE2rXdyZxdcXJXnAB4QL75ozlvopA5WZFLSN5aJOf/w=
github.com/reusee/e3 v0.0.0-20201012164647-ad789318cd64/go.mod h1:IjxK5GtdbHfkaCmaoMnZ8rSBj5yNX3xck07fwpGiyOQ=
go.starlark.net v0.0.0-20201014215153-dff0ae5b4820 h1:GsJfRMJ3pXl+Pa5CkSQKIA1hNIo1u0M7I2+ff3RCCME=
go.starlark.net v0.0.0-20201014215153-dff0ae5b4820/go.mod h1:f0znQkUKRrkk36XxWbGjMqQM8wGv/xHBVE2qc3B5oFU=
golang.org/x/sys v0.0.0-20200625212154-ddb9806d33ae/go.mod h1:h1NjWce9XRLGQEsW7wpKNCjG9DtNlClVuFLEZdDNbEs=
